id: LoRaNoCCA_NoCCANode
label: NoCCANode
category: '[Loranocca]'
templates:
  imports: import LoRaNoCCA
  make: LoRaNoCCA.NoCCANode(${NodeID})
parameters:
- id: NodeID
  label: Nodeid
  dtype: raw
inputs:
- label: in
  domain: stream
  dtype: complex
- id: InputData
  domain: message
  optional: true
- id: InputRTS
  domain: message
  optional: true
outputs:
- id: outputData
  domain: message
  optional: true
file_format: 1
